
Microsoft Visual Studio Solution File, Format Version 12.00
# Visual Studio 14
VisualStudioVersion = 14.0.25420.1
MinimumVisualStudioVersion = 10.0.40219.1
Project("{2150E333-8FDC-42A3-9474-1A3956D46DE8}") = "src", "src", "{30A5190A-D471-465B-901D-FA23CBFBBFDD}"
EndProject
Project("{2150E333-8FDC-42A3-9474-1A3956D46DE8}") = "Solution Items", "Solution Items", "{054F9175-EF8A-4D6F-87D3-C44E31B0732B}"
	ProjectSection(SolutionItems) = preProject
		global.json = global.json
	EndProjectSection
EndProject
Project("{8BB2217D-0F2D-49D1-97BC-3654ED321F3B}") = "UnicornCore", "src\UnicornCore\UnicornCore.xproj", "{C6F5E2B7-A8F5-4822-9097-BCECA73FFEE3}"
EndProject
Project("{8BB2217D-0F2D-49D1-97BC-3654ED321F3B}") = "UnicornCore.Services", "src\UnicornCore.Services\UnicornCore.Services.xproj", "{6C33BDEA-3B57-4521-9173-93A36F77370A}"
EndProject
Project("{8BB2217D-0F2D-49D1-97BC-3654ED321F3B}") = "UnicornCore.Interfaces", "src\UnicornCore.Interfaces\UnicornCore.Interfaces.xproj", "{90E5C868-F4D1-4912-A523-292C013DBBD8}"
EndProject
Project("{8BB2217D-0F2D-49D1-97BC-3654ED321F3B}") = "UnicornCore.Models", "src\UnicornCore.Models\UnicornCore.Models.xproj", "{0ABF2673-B2E7-4D15-BFAD-D07936A07B90}"
EndProject
Global
	GlobalSection(SolutionConfigurationPlatforms) = preSolution
		Debug|Any CPU = Debug|Any CPU
		Release|Any CPU = Release|Any CPU
	EndGlobalSection
	GlobalSection(ProjectConfigurationPlatforms) = postSolution
		{C6F5E2B7-A8F5-4822-9097-BCECA73FFEE3}.Debug|Any CPU.ActiveCfg = Debug|Any CPU
		{C6F5E2B7-A8F5-4822-9097-BCECA73FFEE3}.Debug|Any CPU.Build.0 = Debug|Any CPU
		{C6F5E2B7-A8F5-4822-9097-BCECA73FFEE3}.Release|Any CPU.ActiveCfg = Release|Any CPU
		{C6F5E2B7-A8F5-4822-9097-BCECA73FFEE3}.Release|Any CPU.Build.0 = Release|Any CPU
		{6C33BDEA-3B57-4521-9173-93A36F77370A}.Debug|Any CPU.ActiveCfg = Debug|Any CPU
		{6C33BDEA-3B57-4521-9173-93A36F77370A}.Debug|Any CPU.Build.0 = Debug|Any CPU
		{6C33BDEA-3B57-4521-9173-93A36F77370A}.Release|Any CPU.ActiveCfg = Release|Any CPU
		{6C33BDEA-3B57-4521-9173-93A36F77370A}.Release|Any CPU.Build.0 = Release|Any CPU
		{90E5C868-F4D1-4912-A523-292C013DBBD8}.Debug|Any CPU.ActiveCfg = Debug|Any CPU
		{90E5C868-F4D1-4912-A523-292C013DBBD8}.Debug|Any CPU.Build.0 = Debug|Any CPU
		{90E5C868-F4D1-4912-A523-292C013DBBD8}.Release|Any CPU.ActiveCfg = Release|Any CPU
		{90E5C868-F4D1-4912-A523-292C013DBBD8}.Release|Any CPU.Build.0 = Release|Any CPU
		{0ABF2673-B2E7-4D15-BFAD-D07936A07B90}.Debug|Any CPU.ActiveCfg = Debug|Any CPU
		{0ABF2673-B2E7-4D15-BFAD-D07936A07B90}.Debug|Any CPU.Build.0 = Debug|Any CPU
		{0ABF2673-B2E7-4D15-BFAD-D07936A07B90}.Release|Any CPU.ActiveCfg = Release|Any CPU
		{0ABF2673-B2E7-4D15-BFAD-D07936A07B90}.Release|Any CPU.Build.0 = Release|Any CPU
	EndGlobalSection
	GlobalSection(SolutionProperties) = preSolution
		HideSolutionNode = FALSE
	EndGlobalSection
	GlobalSection(NestedProjects) = preSolution
		{C6F5E2B7-A8F5-4822-9097-BCECA73FFEE3} = {30A5190A-D471-465B-901D-FA23CBFBBFDD}
		{6C33BDEA-3B57-4521-9173-93A36F77370A} = {30A5190A-D471-465B-901D-FA23CBFBBFDD}
		{90E5C868-F4D1-4912-A523-292C013DBBD8} = {30A5190A-D471-465B-901D-FA23CBFBBFDD}
		{0ABF2673-B2E7-4D15-BFAD-D07936A07B90} = {30A5190A-D471-465B-901D-FA23CBFBBFDD}
	EndGlobalSection
EndGlobal
